// !$*UTF8*$!
{
	archiveVersion = 1;
	classes = {
	};
	objectVersion = 46;
	objects = {

/* Begin PBXBuildFile section */
		5E3D86901E22EA4F00DD7C5C /* main.m in Sources */ = {isa = PBXBuildFile; fileRef = 5E3D868F1E22EA4F00DD7C5C /* main.m */; };
		5E3D86931E22EA4F00DD7C5C /* AppDelegate.m in Sources */ = {isa = PBXBuildFile; fileRef = 5E3D86921E22EA4F00DD7C5C /* AppDelegate.m */; };
		5E3D86961E22EA4F00DD7C5C /* Main.storyboard in Resources */ = {isa = PBXBuildFile; fileRef = 5E3D86941E22EA4F00DD7C5C /* Main.storyboard */; };
		5E3D86991E22EA4F00DD7C5C /* RootViewController.m in Sources */ = {isa = PBXBuildFile; fileRef = 5E3D86981E22EA4F00DD7C5C /* RootViewController.m */; };
		5E3D869B1E22EA4F00DD7C5C /* Assets.xcassets in Resources */ = {isa = PBXBuildFile; fileRef = 5E3D869A1E22EA4F00DD7C5C /* Assets.xcassets */; };
		5E3D869E1E22EA4F00DD7C5C /* LaunchScreen.storyboard in Resources */ = {isa = PBXBuildFile; fileRef = 5E3D869C1E22EA4F00DD7C5C /* LaunchScreen.storyboard */; };
/* End PBXBuildFile section */

/* Begin PBXFileReference section */
		5E3D868B1E22EA4F00DD7C5C /* ASDK-Twitter.app */ = {isa = PBXFileReference; explicitFileType = wrapper.application; includeInIndex = 0; path = "ASDK-Twitter.app"; sourceTree = BUILT_PRODUCTS_DIR; };
		5E3D868F1E22EA4F00DD7C5C /* main.m */ = {isa = PBXFileReference; lastKnownFileType = sourcecode.c.objc; path = main.m; sourceTree = "<group>"; };
		5E3D86911E22EA4F00DD7C5C /* AppDelegate.h */ = {isa = PBXFileReference; lastKnownFileType = sourcecode.c.h; path = AppDelegate.h; sourceTree = "<group>"; };
		5E3D86921E22EA4F00DD7C5C /* AppDelegate.m */ = {isa = PBXFileReference; lastKnownFileType = sourcecode.c.objc; path = AppDelegate.m; sourceTree = "<group>"; };
		5E3D86951E22EA4F00DD7C5C /* Base */ = {isa = PBXFileReference; lastKnownFileType = file.storyboard; name = Base; path = Base.lproj/Main.storyboard; sourceTree = "<group>"; };
		5E3D86971E22EA4F00DD7C5C /* RootViewController.h */ = {isa = PBXFileReference; lastKnownFileType = sourcecode.c.h; path = RootViewController.h; sourceTree = "<group>"; };
		5E3D86981E22EA4F00DD7C5C /* RootViewController.m */ = {isa = PBXFileReference; lastKnownFileType = sourcecode.c.objc; path = RootViewController.m; sourceTree = "<group>"; };
		5E3D869A1E22EA4F00DD7C5C /* Assets.xcassets */ = {isa = PBXFileReference; lastKnownFileType = folder.assetcatalog; path = Assets.xcassets; sourceTree = "<group>"; };
		5E3D869D1E22EA4F00DD7C5C /* Base */ = {isa = PBXFileReference; lastKnownFileType = file.storyboard; name = Base; path = Base.lproj/LaunchScreen.storyboard; sourceTree = "<group>"; };
		5E3D869F1E22EA4F00DD7C5C /* Info.plist */ = {isa = PBXFileReference; lastKnownFileType = text.plist.xml; path = Info.plist; sourceTree = "<group>"; };
/* End PBXFileReference section */

/* Begin PBXFrameworksBuildPhase section */
		5E3D86881E22EA4F00DD7C5C /* Frameworks */ = {
			isa = PBXFrameworksBuildPhase;
			buildActionMask = 2147483647;
			files = (
			);
			runOnlyForDeploymentPostprocessing = 0;
		};
/* End PBXFrameworksBuildPhase section */

/* Begin PBXGroup section */
		5E3D86821E22EA4F00DD7C5C = {
			isa = PBXGroup;
			children = (
				5E3D868D1E22EA4F00DD7C5C /* ASDK-Twitter */,
				5E3D868C1E22EA4F00DD7C5C /* Products */,
			);
			sourceTree = "<group>";
		};
		5E3D868C1E22EA4F00DD7C5C /* Products */ = {
			isa = PBXGroup;
			children = (
				5E3D868B1E22EA4F00DD7C5C /* ASDK-Twitter.app */,
			);
			name = Products;
			sourceTree = "<group>";
		};
		5E3D868D1E22EA4F00DD7C5C /* ASDK-Twitter */ = {
			isa = PBXGroup;
			children = (
				5E3D86911E22EA4F00DD7C5C /* AppDelegate.h */,
				5E3D86921E22EA4F00DD7C5C /* AppDelegate.m */,
				5E3D86941E22EA4F00DD7C5C /* Main.storyboard */,
				5E3D86971E22EA4F00DD7C5C /* RootViewController.h */,
				5E3D86981E22EA4F00DD7C5C /* RootViewController.m */,
				5E3D869A1E22EA4F00DD7C5C /* Assets.xcassets */,
				5E3D869C1E22EA4F00DD7C5C /* LaunchScreen.storyboard */,
				5E3D869F1E22EA4F00DD7C5C /* Info.plist */,
				5E3D868E1E22EA4F00DD7C5C /* Supporting Files */,
			);
			path = "ASDK-Twitter";
			sourceTree = "<group>";
		};
		5E3D868E1E22EA4F00DD7C5C /* Supporting Files */ = {
			isa = PBXGroup;
			children = (
				5E3D868F1E22EA4F00DD7C5C /* main.m */,
			);
			name = "Supporting Files";
			sourceTree = "<group>";
		};
/* End PBXGroup section */

/* Begin PBXNativeTarget section */
		5E3D868A1E22EA4F00DD7C5C /* ASDK-Twitter */ = {
			isa = PBXNativeTarget;
			buildConfigurationList = 5E3D86A21E22EA4F00DD7C5C /* Build configuration list for PBXNativeTarget "ASDK-Twitter" */;
			buildPhases = (
				5E3D86871E22EA4F00DD7C5C /* Sources */,
				5E3D86881E22EA4F00DD7C5C /* Frameworks */,
				5E3D86891E22EA4F00DD7C5C /* Resources */,
			);
			buildRules = (
			);
			dependencies = (
			);
			name = "ASDK-Twitter";
			productName = "ASDK-Twitter";
			productReference = 5E3D868B1E22EA4F00DD7C5C /* ASDK-Twitter.app */;
			productType = "com.apple.product-type.application";
		};
/* End PBXNativeTarget section */

/* Begin PBXProject section */
		5E3D86831E22EA4F00DD7C5C /* Project object */ = {
			isa = PBXProject;
			attributes = {
				LastUpgradeCheck = 0820;
				ORGANIZATIONNAME = "Ash Apps";
				TargetAttributes = {
					5E3D868A1E22EA4F00DD7C5C = {
						CreatedOnToolsVersion = 8.2.1;
						DevelopmentTeam = XGY89JJ86Q;
						ProvisioningStyle = Automatic;
					};
				};
			};
			buildConfigurationList = 5E3D86861E22EA4F00DD7C5C /* Build configuration list for PBXProject "ASDK-Twitter" */;
			compatibilityVersion = "Xcode 3.2";
			developmentRegion = English;
			hasScannedForEncodings = 0;
			knownRegions = (
				en,
				Base,
			);
			mainGroup = 5E3D86821E22EA4F00DD7C5C;
			productRefGroup = 5E3D868C1E22EA4F00DD7C5C /* Products */;
			projectDirPath = "";
			projectRoot = "";
			targets = (
				5E3D868A1E22EA4F00DD7C5C /* ASDK-Twitter */,
			);
		};
/* End PBXProject section */

/* Begin PBXResourcesBuildPhase section */
		5E3D86891E22EA4F00DD7C5C /* Resources */ = {
			isa = PBXResourcesBuildPhase;
			buildActionMask = 2147483647;
			files = (
				5E3D869E1E22EA4F00DD7C5C /* LaunchScreen.storyboard in Resources */,
				5E3D869B1E22EA4F00DD7C5C /* Assets.xcassets in Resources */,
				5E3D86961E22EA4F00DD7C5C /* Main.storyboard in Resources */,
			);
			runOnlyForDeploymentPostprocessing = 0;
		};
/* End PBXResourcesBuildPhase section */

/* Begin PBXSourcesBuildPhase section */
		5E3D86871E22EA4F00DD7C5C /* Sources */ = {
			isa = PBXSourcesBuildPhase;
			buildActionMask = 2147483647;
			files = (
				5E3D86931E22EA4F00DD7C5C /* AppDelegate.m in Sources */,
				5E3D86901E22EA4F00DD7C5C /* main.m in Sources */,
				5E3D86991E22EA4F00DD7C5C /* RootViewController.m in Sources */,
			);
			runOnlyForDeploymentPostprocessing = 0;
		};
/* End PBXSourcesBuildPhase section */

/* Begin PBXVariantGroup section */
		5E3D86941E22EA4F00DD7C5C /* Main.storyboard */ = {
			isa = PBXVariantGroup;
			children = (
				5E3D86951E22EA4F00DD7C5C /* Base */,
			);
			name = Main.storyboard;
			sourceTree = "<group>";
		};
		5E3D869C1E22EA4F00DD7C5C /* LaunchScreen.storyboard */ = {
			isa = PBXVariantGroup;
			children = (
				5E3D869D1E22EA4F00DD7C5C /* Base */,
			);
			name = LaunchScreen.storyboard;
			sourceTree = "<group>";
		};
/* End PBXVariantGroup section */

/* Begin XCBuildConfiguration section */
		5E3D86A01E22EA4F00DD7C5C /* Debug */ = {
			isa = XCBuildConfiguration;
			buildSettings = {
				ALWAYS_SEARCH_USER_PATHS = NO;
				CLANG_ANALYZER_NONNULL = YES;
				CLANG_CXX_LANGUAGE_STANDARD = "gnu++0x";
				CLANG_CXX_LIBRARY = "libc++";
				CLANG_ENABLE_MODULES = YES;
				CLANG_ENABLE_OBJC_ARC = YES;
				CLANG_WARN_BOOL_CONVERSION = YES;
				CLANG_WARN_CONSTANT_CONVERSION = YES;
				CLANG_WARN_DIRECT_OBJC_ISA_USAGE = YES_ERROR;
				CLANG_WARN_DOCUMENTATION_COMMENTS = YES;
				CLANG_WARN_EMPTY_BODY = YES;
				CLANG_WARN_ENUM_CONVERSION = YES;
				CLANG_WARN_INFINITE_RECURSION = YES;
				CLANG_WARN_INT_CONVERSION = YES;
				CLANG_WARN_OBJC_ROOT_CLASS = YES_ERROR;
				CLANG_WARN_SUSPICIOUS_MOVE = YES;
				CLANG_WARN_UNREACHABLE_CODE = YES;
				CLANG_WARN__DUPLICATE_METHOD_MATCH = YES;
				"CODE_SIGN_IDENTITY[sdk=iphoneos*]" = "iPhone Developer";
				COPY_PHASE_STRIP = NO;
				DEBUG_INFORMATION_FORMAT = dwarf;
				ENABLE_STRICT_OBJC_MSGSEND = YES;
				ENABLE_TESTABILITY = YES;
				GCC_C_LANGUAGE_STANDARD = gnu99;
				GCC_DYNAMIC_NO_PIC = NO;
				GCC_NO_COMMON_BLOCKS = YES;
				GCC_OPTIMIZATION_LEVEL = 0;
				GCC_PREPROCESSOR_DEFINITIONS = (
					"DEBUG=1",
					"$(inherited)",
				);
				GCC_WARN_64_TO_32_BIT_CONVERSION = YES;
				GCC_WARN_ABOUT_RETURN_TYPE = YES_ERROR;
				GCC_WARN_UNDECLARED_SELECTOR = YES;
				GCC_WARN_UNINITIALIZED_AUTOS = YES_AGGRESSIVE;
				GCC_WARN_UNUSED_FUNCTION = YES;
				GCC_WARN_UNUSED_VARIABLE = YES;
				IPHONEOS_DEPLOYMENT_TARGET = 10.2;
				MTL_ENABLE_DEBUG_INFO = YES;
				ONLY_ACTIVE_ARCH = YES;
				SDKROOT = iphoneos;
			};
			name = Debug;
		};
		5E3D86A11E22EA4F00DD7C5C /* Release */ = {
			isa = XCBuildConfiguration;
			buildSettings = {
				ALWAYS_SEARCH_USER_PATHS = NO;
				CLANG_ANALYZER_NONNULL = YES;
				CLANG_CXX_LANGUAGE_STANDARD = "gnu++0x";
				CLANG_CXX_LIBRARY = "libc++";
				CLANG_ENABLE_MODULES = YES;
				CLANG_ENABLE_OBJC_ARC = YES;
				CLANG_WARN_BOOL_CONVERSION = YES;
				CLANG_WARN_CONSTANT_CONVERSION = YES;
				CLANG_WARN_DIRECT_OBJC_ISA_USAGE = YES_ERROR;
				CLANG_WARN_DOCUMENTATION_COMMENTS = YES;
				CLANG_WARN_EMPTY_BODY = YES;
				CLANG_WARN_ENUM_CONVERSION = YES;
				CLANG_WARN_INFINITE_RECURSION = YES;
				CLANG_WARN_INT_CONVERSION = YES;
				CLANG_WARN_OBJC_ROOT_CLASS = YES_ERROR;
				CLANG_WARN_SUSPICIOUS_MOVE = YES;
				CLANG_WARN_UNREACHABLE_CODE = YES;
				CLANG_WARN__DUPLICATE_METHOD_MATCH = YES;
				"CODE_SIGN_IDENTITY[sdk=iphoneos*]" = "iPhone Developer";
				COPY_PHASE_STRIP = NO;
				DEBUG_INFORMATION_FORMAT = "dwarf-with-dsym";
				ENABLE_NS_ASSERTIONS = NO;
				ENABLE_STRICT_OBJC_MSGSEND = YES;
				GCC_C_LANGUAGE_STANDARD = gnu99;
				GCC_NO_COMMON_BLOCKS = YES;
				GCC_WARN_64_TO_32_BIT_CONVERSION = YES;
				GCC_WARN_ABOUT_RETURN_TYPE = YES_ERROR;
				GCC_WARN_UNDECLARED_SELECTOR = YES;
				GCC_WARN_UNINITIALIZED_AUTOS = YES_AGGRESSIVE;
				GCC_WARN_UNUSED_FUNCTION = YES;
				GCC_WARN_UNUSED_VARIABLE = YES;
				IPHONEOS_DEPLOYMENT_TARGET = 10.2;
				MTL_ENABLE_DEBUG_INFO = NO;
				SDKROOT = iphoneos;
				VALIDATE_PRODUCT = YES;
			};
			name = Release;
		};
		5E3D86A31E22EA4F00DD7C5C /* Debug */ = {
			isa = XCBuildConfiguration;
			buildSettings = {
				ASSETCATALOG_COMPILER_APPICON_NAME = AppIcon;
				DEVELOPMENT_TEAM = XGY89JJ86Q;
				INFOPLIST_FILE = "ASDK-Twitter/Info.plist";
				LD_RUNPATH_SEARCH_PATHS = "$(inherited) @executable_path/Frameworks";
				PRODUCT_BUNDLE_IDENTIFIER = "com.ashapps.ASDK-Twitter";
				PRODUCT_NAME = "$(TARGET_NAME)";
			};
			name = Debug;
		};
		5E3D86A41E22EA4F00DD7C5C /* Release */ = {
			isa = XCBuildConfiguration;
			buildSettings = {
				ASSETCATALOG_COMPILER_APPICON_NAME = AppIcon;
				DEVELOPMENT_TEAM = XGY89JJ86Q;
				INFOPLIST_FILE = "ASDK-Twitter/Info.plist";
				LD_RUNPATH_SEARCH_PATHS = "$(inherited) @executable_path/Frameworks";
				PRODUCT_BUNDLE_IDENTIFIER = "com.ashapps.ASDK-Twitter";
				PRODUCT_NAME = "$(TARGET_NAME)";
			};
			name = Release;
		};
/* End XCBuildConfiguration section */

/* Begin XCConfigurationList section */
		5E3D86861E22EA4F00DD7C5C /* Build configuration list for PBXProject "ASDK-Twitter" */ = {
			isa = XCConfigurationList;
			buildConfigurations = (
				5E3D86A01E22EA4F00DD7C5C /* Debug */,
				5E3D86A11E22EA4F00DD7C5C /* Release */,
			);
			defaultConfigurationIsVisible = 0;
			defaultConfigurationName = Release;
		};
		5E3D86A21E22EA4F00DD7C5C /* Build configuration list for PBXNativeTarget "ASDK-Twitter" */ = {
			isa = XCConfigurationList;
			buildConfigurations = (
				5E3D86A31E22EA4F00DD7C5C /* Debug */,
				5E3D86A41E22EA4F00DD7C5C /* Release */,
			);
			defaultConfigurationIsVisible = 0;
		};
/* End XCConfigurationList section */
	};
	rootObject = 5E3D86831E22EA4F00DD7C5C /* Project object */;
}
