// !$*UTF8*$!
{
	archiveVersion = 1;
	classes = {
	};
	objectVersion = 46;
	objects = {

/* Begin PBXBuildFile section */
		5E3D86901E22EA4F00DD7C5C /* main.m in Sources */ = {isa = PBXBuildFile; fileRef = 5E3D868F1E22EA4F00DD7C5C /* main.m */; };
		5E3D86931E22EA4F00DD7C5C /* AppDelegate.m in Sources */ = {isa = PBXBuildFile; fileRef = 5E3D86921E22EA4F00DD7C5C /* AppDelegate.m */; };
		5E3D869B1E22EA4F00DD7C5C /* Assets.xcassets in Resources */ = {isa = PBXBuildFile; fileRef = 5E3D869A1E22EA4F00DD7C5C /* Assets.xcassets */; };
		5E3D869E1E22EA4F00DD7C5C /* LaunchScreen.storyboard in Resources */ = {isa = PBXBuildFile; fileRef = 5E3D869C1E22EA4F00DD7C5C /* LaunchScreen.storyboard */; };
		5E3D86A91E22EB9B00DD7C5C /* DataManager.m in Sources */ = {isa = PBXBuildFile; fileRef = 5E3D86A81E22EB9B00DD7C5C /* DataManager.m */; };
		5E3D86AC1E22EBF600DD7C5C /* FeedViewController.m in Sources */ = {isa = PBXBuildFile; fileRef = 5E3D86AB1E22EBF600DD7C5C /* FeedViewController.m */; };
		5E3D86AE1E22EE7A00DD7C5C /* Twitter.framework in Frameworks */ = {isa = PBXBuildFile; fileRef = 5E3D86AD1E22EE7A00DD7C5C /* Twitter.framework */; };
		5E3D86B01E22EE7F00DD7C5C /* Accounts.framework in Frameworks */ = {isa = PBXBuildFile; fileRef = 5E3D86AF1E22EE7F00DD7C5C /* Accounts.framework */; };
		5E3D86B21E22EE8300DD7C5C /* Social.framework in Frameworks */ = {isa = PBXBuildFile; fileRef = 5E3D86B11E22EE8300DD7C5C /* Social.framework */; };
		5E3D86B71E22F3F800DD7C5C /* TweetObject.m in Sources */ = {isa = PBXBuildFile; fileRef = 5E3D86B61E22F3F800DD7C5C /* TweetObject.m */; };
		5E3D86BB1E22F57B00DD7C5C /* TweetCellNode.m in Sources */ = {isa = PBXBuildFile; fileRef = 5E3D86BA1E22F57B00DD7C5C /* TweetCellNode.m */; };
		5E3D86BE1E22F65E00DD7C5C /* NSAttributedString+AshApps.m in Sources */ = {isa = PBXBuildFile; fileRef = 5E3D86BD1E22F65E00DD7C5C /* NSAttributedString+AshApps.m */; };
		7B83DE223F81173BD36A4C18 /* libPods-ASDK-Twitter.a in Frameworks */ = {isa = PBXBuildFile; fileRef = A115863E6A34D3E3167A7BAD /* libPods-ASDK-Twitter.a */; };
/* End PBXBuildFile section */

/* Begin PBXFileReference section */
		2C149E5DB3700703D9E90773 /* Pods-ASDK-Twitter.release.xcconfig */ = {isa = PBXFileReference; includeInIndex = 1; lastKnownFileType = text.xcconfig; name = "Pods-ASDK-Twitter.release.xcconfig"; path = "Pods/Target Support Files/Pods-ASDK-Twitter/Pods-ASDK-Twitter.release.xcconfig"; sourceTree = "<group>"; };
		5E3D868B1E22EA4F00DD7C5C /* ASDK-Twitter.app */ = {isa = PBXFileReference; explicitFileType = wrapper.application; includeInIndex = 0; path = "ASDK-Twitter.app"; sourceTree = BUILT_PRODUCTS_DIR; };
		5E3D868F1E22EA4F00DD7C5C /* main.m */ = {isa = PBXFileReference; lastKnownFileType = sourcecode.c.objc; path = main.m; sourceTree = "<group>"; };
		5E3D86911E22EA4F00DD7C5C /* AppDelegate.h */ = {isa = PBXFileReference; lastKnownFileType = sourcecode.c.h; path = AppDelegate.h; sourceTree = "<group>"; };
		5E3D86921E22EA4F00DD7C5C /* AppDelegate.m */ = {isa = PBXFileReference; lastKnownFileType = sourcecode.c.objc; path = AppDelegate.m; sourceTree = "<group>"; };
		5E3D869A1E22EA4F00DD7C5C /* Assets.xcassets */ = {isa = PBXFileReference; lastKnownFileType = folder.assetcatalog; path = Assets.xcassets; sourceTree = "<group>"; };
		5E3D869D1E22EA4F00DD7C5C /* Base */ = {isa = PBXFileReference; lastKnownFileType = file.storyboard; name = Base; path = Base.lproj/LaunchScreen.storyboard; sourceTree = "<group>"; };
		5E3D869F1E22EA4F00DD7C5C /* Info.plist */ = {isa = PBXFileReference; lastKnownFileType = text.plist.xml; path = Info.plist; sourceTree = "<group>"; };
		5E3D86A61E22EB9200DD7C5C /* FLOG.h */ = {isa = PBXFileReference; fileEncoding = 4; lastKnownFileType = sourcecode.c.h; path = FLOG.h; sourceTree = "<group>"; };
		5E3D86A71E22EB9B00DD7C5C /* DataManager.h */ = {isa = PBXFileReference; fileEncoding = 4; lastKnownFileType = sourcecode.c.h; path = DataManager.h; sourceTree = "<group>"; };
		5E3D86A81E22EB9B00DD7C5C /* DataManager.m */ = {isa = PBXFileReference; fileEncoding = 4; lastKnownFileType = sourcecode.c.objc; path = DataManager.m; sourceTree = "<group>"; };
		5E3D86AA1E22EBF600DD7C5C /* FeedViewController.h */ = {isa = PBXFileReference; fileEncoding = 4; lastKnownFileType = sourcecode.c.h; path = FeedViewController.h; sourceTree = "<group>"; };
		5E3D86AB1E22EBF600DD7C5C /* FeedViewController.m */ = {isa = PBXFileReference; fileEncoding = 4; lastKnownFileType = sourcecode.c.objc; path = FeedViewController.m; sourceTree = "<group>"; };
		5E3D86AD1E22EE7A00DD7C5C /* Twitter.framework */ = {isa = PBXFileReference; lastKnownFileType = wrapper.framework; name = Twitter.framework; path = System/Library/Frameworks/Twitter.framework; sourceTree = SDKROOT; };
		5E3D86AF1E22EE7F00DD7C5C /* Accounts.framework */ = {isa = PBXFileReference; lastKnownFileType = wrapper.framework; name = Accounts.framework; path = System/Library/Frameworks/Accounts.framework; sourceTree = SDKROOT; };
		5E3D86B11E22EE8300DD7C5C /* Social.framework */ = {isa = PBXFileReference; lastKnownFileType = wrapper.framework; name = Social.framework; path = System/Library/Frameworks/Social.framework; sourceTree = SDKROOT; };
		5E3D86B51E22F3F800DD7C5C /* TweetObject.h */ = {isa = PBXFileReference; fileEncoding = 4; lastKnownFileType = sourcecode.c.h; path = TweetObject.h; sourceTree = "<group>"; };
		5E3D86B61E22F3F800DD7C5C /* TweetObject.m */ = {isa = PBXFileReference; fileEncoding = 4; lastKnownFileType = sourcecode.c.objc; path = TweetObject.m; sourceTree = "<group>"; };
		5E3D86B91E22F57B00DD7C5C /* TweetCellNode.h */ = {isa = PBXFileReference; fileEncoding = 4; lastKnownFileType = sourcecode.c.h; path = TweetCellNode.h; sourceTree = "<group>"; };
		5E3D86BA1E22F57B00DD7C5C /* TweetCellNode.m */ = {isa = PBXFileReference; fileEncoding = 4; lastKnownFileType = sourcecode.c.objc; path = TweetCellNode.m; sourceTree = "<group>"; };
		5E3D86BC1E22F65E00DD7C5C /* NSAttributedString+AshApps.h */ = {isa = PBXFileReference; fileEncoding = 4; lastKnownFileType = sourcecode.c.h; path = "NSAttributedString+AshApps.h"; sourceTree = "<group>"; };
		5E3D86BD1E22F65E00DD7C5C /* NSAttributedString+AshApps.m */ = {isa = PBXFileReference; fileEncoding = 4; lastKnownFileType = sourcecode.c.objc; path = "NSAttributedString+AshApps.m"; sourceTree = "<group>"; };
		A115863E6A34D3E3167A7BAD /* libPods-ASDK-Twitter.a */ = {isa = PBXFileReference; explicitFileType = archive.ar; includeInIndex = 0; path = "libPods-ASDK-Twitter.a"; sourceTree = BUILT_PRODUCTS_DIR; };
		D7482112589E4DFF82C8DF85 /* Pods-ASDK-Twitter.debug.xcconfig */ = {isa = PBXFileReference; includeInIndex = 1; lastKnownFileType = text.xcconfig; name = "Pods-ASDK-Twitter.debug.xcconfig"; path = "Pods/Target Support Files/Pods-ASDK-Twitter/Pods-ASDK-Twitter.debug.xcconfig"; sourceTree = "<group>"; };
/* End PBXFileReference section */

/* Begin PBXFrameworksBuildPhase section */
		5E3D86881E22EA4F00DD7C5C /* Frameworks */ = {
			isa = PBXFrameworksBuildPhase;
			buildActionMask = 2147483647;
			files = (
				5E3D86B21E22EE8300DD7C5C /* Social.framework in Frameworks */,
				5E3D86B01E22EE7F00DD7C5C /* Accounts.framework in Frameworks */,
				5E3D86AE1E22EE7A00DD7C5C /* Twitter.framework in Frameworks */,
				7B83DE223F81173BD36A4C18 /* libPods-ASDK-Twitter.a in Frameworks */,
			);
			runOnlyForDeploymentPostprocessing = 0;
		};
/* End PBXFrameworksBuildPhase section */

/* Begin PBXGroup section */
		4AE50D2C72D5BDE2BCF4F58A /* Frameworks */ = {
			isa = PBXGroup;
			children = (
				5E3D86B11E22EE8300DD7C5C /* Social.framework */,
				5E3D86AF1E22EE7F00DD7C5C /* Accounts.framework */,
				5E3D86AD1E22EE7A00DD7C5C /* Twitter.framework */,
				A115863E6A34D3E3167A7BAD /* libPods-ASDK-Twitter.a */,
			);
			name = Frameworks;
			sourceTree = "<group>";
		};
		5E3D86821E22EA4F00DD7C5C = {
			isa = PBXGroup;
			children = (
				5E3D868D1E22EA4F00DD7C5C /* ASDK-Twitter */,
				5E3D868C1E22EA4F00DD7C5C /* Products */,
				D6DC74C1D44A3D25D749816E /* Pods */,
				4AE50D2C72D5BDE2BCF4F58A /* Frameworks */,
			);
			sourceTree = "<group>";
		};
		5E3D868C1E22EA4F00DD7C5C /* Products */ = {
			isa = PBXGroup;
			children = (
				5E3D868B1E22EA4F00DD7C5C /* ASDK-Twitter.app */,
			);
			name = Products;
			sourceTree = "<group>";
		};
		5E3D868D1E22EA4F00DD7C5C /* ASDK-Twitter */ = {
			isa = PBXGroup;
			children = (
				5E3D86A51E22EB8500DD7C5C /* Categories */,
				5E3D86A71E22EB9B00DD7C5C /* DataManager.h */,
				5E3D86A81E22EB9B00DD7C5C /* DataManager.m */,
				5E3D86911E22EA4F00DD7C5C /* AppDelegate.h */,
				5E3D86921E22EA4F00DD7C5C /* AppDelegate.m */,
				5E3D86AA1E22EBF600DD7C5C /* FeedViewController.h */,
				5E3D86AB1E22EBF600DD7C5C /* FeedViewController.m */,
				5E3D86B81E22F56900DD7C5C /* Cells */,
				5E3D86B41E22F3E800DD7C5C /* Model */,
				5E3D86B31E22F3E200DD7C5C /* Resources */,
				5E3D868E1E22EA4F00DD7C5C /* Supporting Files */,
			);
			path = "ASDK-Twitter";
			sourceTree = "<group>";
		};
		5E3D868E1E22EA4F00DD7C5C /* Supporting Files */ = {
			isa = PBXGroup;
			children = (
				5E3D868F1E22EA4F00DD7C5C /* main.m */,
			);
			name = "Supporting Files";
			sourceTree = "<group>";
		};
		5E3D86A51E22EB8500DD7C5C /* Categories */ = {
			isa = PBXGroup;
			children = (
				5E3D86BC1E22F65E00DD7C5C /* NSAttributedString+AshApps.h */,
				5E3D86BD1E22F65E00DD7C5C /* NSAttributedString+AshApps.m */,
				5E3D86A61E22EB9200DD7C5C /* FLOG.h */,
			);
			name = Categories;
			sourceTree = "<group>";
		};
		5E3D86B31E22F3E200DD7C5C /* Resources */ = {
			isa = PBXGroup;
			children = (
				5E3D869A1E22EA4F00DD7C5C /* Assets.xcassets */,
				5E3D869C1E22EA4F00DD7C5C /* LaunchScreen.storyboard */,
				5E3D869F1E22EA4F00DD7C5C /* Info.plist */,
			);
			name = Resources;
			sourceTree = "<group>";
		};
		5E3D86B41E22F3E800DD7C5C /* Model */ = {
			isa = PBXGroup;
			children = (
				5E3D86B51E22F3F800DD7C5C /* TweetObject.h */,
				5E3D86B61E22F3F800DD7C5C /* TweetObject.m */,
			);
			name = Model;
			sourceTree = "<group>";
		};
		5E3D86B81E22F56900DD7C5C /* Cells */ = {
			isa = PBXGroup;
			children = (
				5E3D86B91E22F57B00DD7C5C /* TweetCellNode.h */,
				5E3D86BA1E22F57B00DD7C5C /* TweetCellNode.m */,
			);
			name = Cells;
			sourceTree = "<group>";
		};
		D6DC74C1D44A3D25D749816E /* Pods */ = {
			isa = PBXGroup;
			children = (
				D7482112589E4DFF82C8DF85 /* Pods-ASDK-Twitter.debug.xcconfig */,
				2C149E5DB3700703D9E90773 /* Pods-ASDK-Twitter.release.xcconfig */,
			);
			name = Pods;
			sourceTree = "<group>";
		};
/* End PBXGroup section */

/* Begin PBXNativeTarget section */
		5E3D868A1E22EA4F00DD7C5C /* ASDK-Twitter */ = {
			isa = PBXNativeTarget;
			buildConfigurationList = 5E3D86A21E22EA4F00DD7C5C /* Build configuration list for PBXNativeTarget "ASDK-Twitter" */;
			buildPhases = (
				9E9F5F7BFB64447EEFD9849B /* [CP] Check Pods Manifest.lock */,
				5E3D86871E22EA4F00DD7C5C /* Sources */,
				5E3D86881E22EA4F00DD7C5C /* Frameworks */,
				5E3D86891E22EA4F00DD7C5C /* Resources */,
				CE7F19E1127817253C19ABC2 /* [CP] Embed Pods Frameworks */,
				1A5A9B08BD9B69732DD4E177 /* [CP] Copy Pods Resources */,
			);
			buildRules = (
			);
			dependencies = (
			);
			name = "ASDK-Twitter";
			productName = "ASDK-Twitter";
			productReference = 5E3D868B1E22EA4F00DD7C5C /* ASDK-Twitter.app */;
			productType = "com.apple.product-type.application";
		};
/* End PBXNativeTarget section */

/* Begin PBXProject section */
		5E3D86831E22EA4F00DD7C5C /* Project object */ = {
			isa = PBXProject;
			attributes = {
				LastUpgradeCheck = 0820;
				ORGANIZATIONNAME = "Ash Apps";
				TargetAttributes = {
					5E3D868A1E22EA4F00DD7C5C = {
						CreatedOnToolsVersion = 8.2.1;
						DevelopmentTeam = XGY89JJ86Q;
						ProvisioningStyle = Automatic;
					};
				};
			};
			buildConfigurationList = 5E3D86861E22EA4F00DD7C5C /* Build configuration list for PBXProject "ASDK-Twitter" */;
			compatibilityVersion = "Xcode 3.2";
			developmentRegion = English;
			hasScannedForEncodings = 0;
			knownRegions = (
				en,
				Base,
			);
			mainGroup = 5E3D86821E22EA4F00DD7C5C;
			productRefGroup = 5E3D868C1E22EA4F00DD7C5C /* Products */;
			projectDirPath = "";
			projectRoot = "";
			targets = (
				5E3D868A1E22EA4F00DD7C5C /* ASDK-Twitter */,
			);
		};
/* End PBXProject section */

/* Begin PBXResourcesBuildPhase section */
		5E3D86891E22EA4F00DD7C5C /* Resources */ = {
			isa = PBXResourcesBuildPhase;
			buildActionMask = 2147483647;
			files = (
				5E3D869E1E22EA4F00DD7C5C /* LaunchScreen.storyboard in Resources */,
				5E3D869B1E22EA4F00DD7C5C /* Assets.xcassets in Resources */,
			);
			runOnlyForDeploymentPostprocessing = 0;
		};
/* End PBXResourcesBuildPhase section */

/* Begin PBXShellScriptBuildPhase section */
		1A5A9B08BD9B69732DD4E177 /* [CP] Copy Pods Resources */ = {
			isa = PBXShellScriptBuildPhase;
			buildActionMask = 2147483647;
			files = (
			);
			inputPaths = (
			);
			name = "[CP] Copy Pods Resources";
			outputPaths = (
			);
			runOnlyForDeploymentPostprocessing = 0;
			shellPath = /bin/sh;
			shellScript = "\"${SRCROOT}/Pods/Target Support Files/Pods-ASDK-Twitter/Pods-ASDK-Twitter-resources.sh\"\n";
			showEnvVarsInLog = 0;
		};
		9E9F5F7BFB64447EEFD9849B /* [CP] Check Pods Manifest.lock */ = {
			isa = PBXShellScriptBuildPhase;
			buildActionMask = 2147483647;
			files = (
			);
			inputPaths = (
			);
			name = "[CP] Check Pods Manifest.lock";
			outputPaths = (
			);
			runOnlyForDeploymentPostprocessing = 0;
			shellPath = /bin/sh;
			shellScript = "diff \"${PODS_ROOT}/../Podfile.lock\" \"${PODS_ROOT}/Manifest.lock\" > /dev/null\nif [ $? != 0 ] ; then\n    # print error to STDERR\n    echo \"error: The sandbox is not in sync with the Podfile.lock. Run 'pod install' or update your CocoaPods installation.\" >&2\n    exit 1\nfi\n";
			showEnvVarsInLog = 0;
		};
		CE7F19E1127817253C19ABC2 /* [CP] Embed Pods Frameworks */ = {
			isa = PBXShellScriptBuildPhase;
			buildActionMask = 2147483647;
			files = (
			);
			inputPaths = (
			);
			name = "[CP] Embed Pods Frameworks";
			outputPaths = (
			);
			runOnlyForDeploymentPostprocessing = 0;
			shellPath = /bin/sh;
			shellScript = "\"${SRCROOT}/Pods/Target Support Files/Pods-ASDK-Twitter/Pods-ASDK-Twitter-frameworks.sh\"\n";
			showEnvVarsInLog = 0;
		};
/* End PBXShellScriptBuildPhase section */

/* Begin PBXSourcesBuildPhase section */
		5E3D86871E22EA4F00DD7C5C /* Sources */ = {
			isa = PBXSourcesBuildPhase;
			buildActionMask = 2147483647;
			files = (
				5E3D86931E22EA4F00DD7C5C /* AppDelegate.m in Sources */,
				5E3D86BB1E22F57B00DD7C5C /* TweetCellNode.m in Sources */,
				5E3D86AC1E22EBF600DD7C5C /* FeedViewController.m in Sources */,
				5E3D86B71E22F3F800DD7C5C /* TweetObject.m in Sources */,
				5E3D86A91E22EB9B00DD7C5C /* DataManager.m in Sources */,
				5E3D86BE1E22F65E00DD7C5C /* NSAttributedString+AshApps.m in Sources */,
				5E3D86901E22EA4F00DD7C5C /* main.m in Sources */,
			);
			runOnlyForDeploymentPostprocessing = 0;
		};
/* End PBXSourcesBuildPhase section */

/* Begin PBXVariantGroup section */
		5E3D869C1E22EA4F00DD7C5C /* LaunchScreen.storyboard */ = {
			isa = PBXVariantGroup;
			children = (
				5E3D869D1E22EA4F00DD7C5C /* Base */,
			);
			name = LaunchScreen.storyboard;
			sourceTree = "<group>";
		};
/* End PBXVariantGroup section */

/* Begin XCBuildConfiguration section */
		5E3D86A01E22EA4F00DD7C5C /* Debug */ = {
			isa = XCBuildConfiguration;
			buildSettings = {
				ALWAYS_SEARCH_USER_PATHS = NO;
				CLANG_ANALYZER_NONNULL = YES;
				CLANG_CXX_LANGUAGE_STANDARD = "gnu++0x";
				CLANG_CXX_LIBRARY = "libc++";
				CLANG_ENABLE_MODULES = YES;
				CLANG_ENABLE_OBJC_ARC = YES;
				CLANG_WARN_BOOL_CONVERSION = YES;
				CLANG_WARN_CONSTANT_CONVERSION = YES;
				CLANG_WARN_DIRECT_OBJC_ISA_USAGE = YES_ERROR;
				CLANG_WARN_DOCUMENTATION_COMMENTS = YES;
				CLANG_WARN_EMPTY_BODY = YES;
				CLANG_WARN_ENUM_CONVERSION = YES;
				CLANG_WARN_INFINITE_RECURSION = YES;
				CLANG_WARN_INT_CONVERSION = YES;
				CLANG_WARN_OBJC_ROOT_CLASS = YES_ERROR;
				CLANG_WARN_SUSPICIOUS_MOVE = YES;
				CLANG_WARN_UNREACHABLE_CODE = YES;
				CLANG_WARN__DUPLICATE_METHOD_MATCH = YES;
				"CODE_SIGN_IDENTITY[sdk=iphoneos*]" = "iPhone Developer";
				COPY_PHASE_STRIP = NO;
				DEBUG_INFORMATION_FORMAT = dwarf;
				ENABLE_STRICT_OBJC_MSGSEND = YES;
				ENABLE_TESTABILITY = YES;
				GCC_C_LANGUAGE_STANDARD = gnu99;
				GCC_DYNAMIC_NO_PIC = NO;
				GCC_NO_COMMON_BLOCKS = YES;
				GCC_OPTIMIZATION_LEVEL = 0;
				GCC_PREPROCESSOR_DEFINITIONS = (
					"DEBUG=1",
					"$(inherited)",
				);
				GCC_WARN_64_TO_32_BIT_CONVERSION = YES;
				GCC_WARN_ABOUT_RETURN_TYPE = YES_ERROR;
				GCC_WARN_UNDECLARED_SELECTOR = YES;
				GCC_WARN_UNINITIALIZED_AUTOS = YES_AGGRESSIVE;
				GCC_WARN_UNUSED_FUNCTION = YES;
				GCC_WARN_UNUSED_VARIABLE = YES;
				IPHONEOS_DEPLOYMENT_TARGET = 10.2;
				MTL_ENABLE_DEBUG_INFO = YES;
				ONLY_ACTIVE_ARCH = YES;
				SDKROOT = iphoneos;
			};
			name = Debug;
		};
		5E3D86A11E22EA4F00DD7C5C /* Release */ = {
			isa = XCBuildConfiguration;
			buildSettings = {
				ALWAYS_SEARCH_USER_PATHS = NO;
				CLANG_ANALYZER_NONNULL = YES;
				CLANG_CXX_LANGUAGE_STANDARD = "gnu++0x";
				CLANG_CXX_LIBRARY = "libc++";
				CLANG_ENABLE_MODULES = YES;
				CLANG_ENABLE_OBJC_ARC = YES;
				CLANG_WARN_BOOL_CONVERSION = YES;
				CLANG_WARN_CONSTANT_CONVERSION = YES;
				CLANG_WARN_DIRECT_OBJC_ISA_USAGE = YES_ERROR;
				CLANG_WARN_DOCUMENTATION_COMMENTS = YES;
				CLANG_WARN_EMPTY_BODY = YES;
				CLANG_WARN_ENUM_CONVERSION = YES;
				CLANG_WARN_INFINITE_RECURSION = YES;
				CLANG_WARN_INT_CONVERSION = YES;
				CLANG_WARN_OBJC_ROOT_CLASS = YES_ERROR;
				CLANG_WARN_SUSPICIOUS_MOVE = YES;
				CLANG_WARN_UNREACHABLE_CODE = YES;
				CLANG_WARN__DUPLICATE_METHOD_MATCH = YES;
				"CODE_SIGN_IDENTITY[sdk=iphoneos*]" = "iPhone Developer";
				COPY_PHASE_STRIP = NO;
				DEBUG_INFORMATION_FORMAT = "dwarf-with-dsym";
				ENABLE_NS_ASSERTIONS = NO;
				ENABLE_STRICT_OBJC_MSGSEND = YES;
				GCC_C_LANGUAGE_STANDARD = gnu99;
				GCC_NO_COMMON_BLOCKS = YES;
				GCC_WARN_64_TO_32_BIT_CONVERSION = YES;
				GCC_WARN_ABOUT_RETURN_TYPE = YES_ERROR;
				GCC_WARN_UNDECLARED_SELECTOR = YES;
				GCC_WARN_UNINITIALIZED_AUTOS = YES_AGGRESSIVE;
				GCC_WARN_UNUSED_FUNCTION = YES;
				GCC_WARN_UNUSED_VARIABLE = YES;
				IPHONEOS_DEPLOYMENT_TARGET = 10.2;
				MTL_ENABLE_DEBUG_INFO = NO;
				SDKROOT = iphoneos;
				VALIDATE_PRODUCT = YES;
			};
			name = Release;
		};
		5E3D86A31E22EA4F00DD7C5C /* Debug */ = {
			isa = XCBuildConfiguration;
			baseConfigurationReference = D7482112589E4DFF82C8DF85 /* Pods-ASDK-Twitter.debug.xcconfig */;
			buildSettings = {
				ASSETCATALOG_COMPILER_APPICON_NAME = AppIcon;
				DEVELOPMENT_TEAM = XGY89JJ86Q;
				INFOPLIST_FILE = "ASDK-Twitter/Info.plist";
				IPHONEOS_DEPLOYMENT_TARGET = 9.0;
				LD_RUNPATH_SEARCH_PATHS = "$(inherited) @executable_path/Frameworks";
				PRODUCT_BUNDLE_IDENTIFIER = "com.ashapps.ASDK-Twitter";
				PRODUCT_NAME = "$(TARGET_NAME)";
			};
			name = Debug;
		};
		5E3D86A41E22EA4F00DD7C5C /* Release */ = {
			isa = XCBuildConfiguration;
			baseConfigurationReference = 2C149E5DB3700703D9E90773 /* Pods-ASDK-Twitter.release.xcconfig */;
			buildSettings = {
				ASSETCATALOG_COMPILER_APPICON_NAME = AppIcon;
				DEVELOPMENT_TEAM = XGY89JJ86Q;
				INFOPLIST_FILE = "ASDK-Twitter/Info.plist";
				IPHONEOS_DEPLOYMENT_TARGET = 9.0;
				LD_RUNPATH_SEARCH_PATHS = "$(inherited) @executable_path/Frameworks";
				PRODUCT_BUNDLE_IDENTIFIER = "com.ashapps.ASDK-Twitter";
				PRODUCT_NAME = "$(TARGET_NAME)";
			};
			name = Release;
		};
/* End XCBuildConfiguration section */

/* Begin XCConfigurationList section */
		5E3D86861E22EA4F00DD7C5C /* Build configuration list for PBXProject "ASDK-Twitter" */ = {
			isa = XCConfigurationList;
			buildConfigurations = (
				5E3D86A01E22EA4F00DD7C5C /* Debug */,
				5E3D86A11E22EA4F00DD7C5C /* Release */,
			);
			defaultConfigurationIsVisible = 0;
			defaultConfigurationName = Release;
		};
		5E3D86A21E22EA4F00DD7C5C /* Build configuration list for PBXNativeTarget "ASDK-Twitter" */ = {
			isa = XCConfigurationList;
			buildConfigurations = (
				5E3D86A31E22EA4F00DD7C5C /* Debug */,
				5E3D86A41E22EA4F00DD7C5C /* Release */,
			);
			defaultConfigurationIsVisible = 0;
			defaultConfigurationName = Release;
		};
/* End XCConfigurationList section */
	};
	rootObject = 5E3D86831E22EA4F00DD7C5C /* Project object */;
}
